github.com/cristalhq/jwt/v3 v3.1.0 h1:iLeL9VzB0SCtjCy9Kg53rMwTcrNm+GHyVcz2eUujz6s=
github.com/cristalhq/jwt/v3 v3.1.0/go.mod h1:XOnIXst8ozq/esy5N1XOlSyQqBd+84fxJ99FK+1jgL8=
github.com/google/uuid v1.3.0 h1:t6JiXgmwXMjEs8VusXIJk2BXHsn+wx8BZdTaoZ5fu7I=
github.com/google/uuid v1.3.0/go.mod h1:TIyPZe4MgqvfeYDBFedMoGGpEw/LqOeaOT+nhxU+yHo=
github.com/iancoleman/orderedmap v0.2.0 h1:sq1N/TFpYH++aViPcaKjys3bDClUEU7s5B+z6jq8pNA=
github.com/iancoleman/orderedmap v0.2.0/go.mod h1:N0Wam8K1arqPXNWjMo21EXnBPOPp36vB07FNRdD2geA=
